
Microsoft Visual Studio Solution File, Format Version 12.00
# Visual Studio 15
VisualStudioVersion = 15.0.27703.2042
MinimumVisualStudioVersion = 10.0.40219.1
Project("{FAE04EC0-301F-11D3-BF4B-00C04F79EFBC}") = "IOLesson", "IOLesson\IOLesson.csproj", "{D68E11DD-0A94-4221-872A-DADCEA620510}"
EndProject
Global
	GlobalSection(SolutionConfigurationPlatforms) = preSolution
		Debug|Any CPU = Debug|Any CPU
		Release|Any CPU = Release|Any CPU
	EndGlobalSection
	GlobalSection(ProjectConfigurationPlatforms) = postSolution
		{D68E11DD-0A94-4221-872A-DADCEA620510}.Debug|Any CPU.ActiveCfg = Debug|Any CPU
		{D68E11DD-0A94-4221-872A-DADCEA620510}.Debug|Any CPU.Build.0 = Debug|Any CPU
		{D68E11DD-0A94-4221-872A-DADCEA620510}.Release|Any CPU.ActiveCfg = Release|Any CPU
		{D68E11DD-0A94-4221-872A-DADCEA620510}.Release|Any CPU.Build.0 = Release|Any CPU
	EndGlobalSection
	GlobalSection(SolutionProperties) = preSolution
		HideSolutionNode = FALSE
	EndGlobalSection
	GlobalSection(ExtensibilityGlobals) = postSolution
		SolutionGuid = {9A25D6F0-1EDB-4A0F-886B-8EF7CE24FF06}
	EndGlobalSection
EndGlobal
